# generated by rye
# use `rye lock` or `rye sync` to update this lockfile
#
# last locked with the following flags:
#   pre: false
#   features: []
#   all-features: false
#   with-sources: false
#   generate-hashes: false
#   universal: false

-e file:.
colorama==0.4.6
    # via loguru
darkdetect==0.8.0
    # via pyside6-fluent-widgets
loguru==0.7.2
    # via nuitkagui
pyside6==6.7.2
    # via pyside6-fluent-widgets
pyside6-addons==6.7.2
    # via pyside6
pyside6-essentials==6.7.2
    # via pyside6
    # via pyside6-addons
pyside6-fluent-widgets==1.6.3
    # via nuitkagui
pysidesix-frameless-window==0.4.3
    # via pyside6-fluent-widgets
pywin32==306
    # via pysidesix-frameless-window
shiboken6==6.7.2
    # via pyside6
    # via pyside6-addons
    # via pyside6-essentials
win32-setctime==1.1.0
    # via loguru
